<?xml version="1.0" encoding="utf-8"?>
<Project ToolsVersion="4.0" xmlns="http://schemas.microsoft.com/developer/msbuild/2003">
  <ItemGroup>
    <Filter Include="system">
      <UniqueIdentifier>{22dd8095-74f9-46df-81a1-36675a040b1f}</UniqueIdentifier>
    </Filter>
    <Filter Include="InGame">
      <UniqueIdentifier>{756120ca-28d0-441e-b19d-7a452ef10bf3}</UniqueIdentifier>
    </Filter>
    <Filter Include="InGame\Player">
      <UniqueIdentifier>{88b3f3fd-07ec-4dfa-865b-de6402082837}</UniqueIdentifier>
    </Filter>
    <Filter Include="InGame\Gimmick">
      <UniqueIdentifier>{c29a41ab-0db8-476e-bd98-b31f98a2d762}</UniqueIdentifier>
    </Filter>
    <Filter Include="InGame\Enemy">
      <UniqueIdentifier>{080d90fc-e6c8-43da-9d67-a3e95d5f7bb7}</UniqueIdentifier>
    </Filter>
    <Filter Include="OutGame">
      <UniqueIdentifier>{5cde7c82-893c-4036-8d99-0ab96d9591e8}</UniqueIdentifier>
    </Filter>
    <Filter Include="InGame\Bg">
      <UniqueIdentifier>{308228a3-64d2-4dd7-a214-529d3cc8ce98}</UniqueIdentifier>
    </Filter>
    <Filter Include="InGame\Camera">
      <UniqueIdentifier>{6866b0ca-4494-4344-8dc3-4fa40bb68b9d}</UniqueIdentifier>
    </Filter>
  </ItemGroup>
  <ItemGroup>
    <ClCompile Include="stdafx.cpp" />
    <ClCompile Include="main.cpp" />
    <ClCompile Include="system\system.cpp">
      <Filter>system</Filter>
    </ClCompile>
    <ClCompile Include="EffectList.cpp" />
    <ClCompile Include="SoundList.cpp" />
    <ClCompile Include="InGame\Bg\Bard.cpp">
      <Filter>InGame\Bg</Filter>
    </ClCompile>
    <ClCompile Include="InGame\Bg\Fence.cpp">
      <Filter>InGame\Bg</Filter>
    </ClCompile>
    <ClCompile Include="InGame\Bg\FenceHalf.cpp">
      <Filter>InGame\Bg</Filter>
    </ClCompile>
    <ClCompile Include="InGame\Bg\Flower.cpp">
      <Filter>InGame\Bg</Filter>
    </ClCompile>
    <ClCompile Include="InGame\Bg\FlowerBed.cpp">
      <Filter>InGame\Bg</Filter>
    </ClCompile>
    <ClCompile Include="InGame\Bg\GoalPoint.cpp">
      <Filter>InGame\Bg</Filter>
    </ClCompile>
    <ClCompile Include="InGame\Bg\Grass.cpp">
      <Filter>InGame\Bg</Filter>
    </ClCompile>
    <ClCompile Include="InGame\Bg\Ground.cpp">
      <Filter>InGame\Bg</Filter>
    </ClCompile>
    <ClCompile Include="InGame\Bg\GroundRoad.cpp">
      <Filter>InGame\Bg</Filter>
    </ClCompile>
    <ClCompile Include="InGame\Bg\HitBox.cpp">
      <Filter>InGame\Bg</Filter>
    </ClCompile>
    <ClCompile Include="InGame\Bg\IBgActor.cpp">
      <Filter>InGame\Bg</Filter>
    </ClCompile>
    <ClCompile Include="InGame\Bg\Pebble.cpp">
      <Filter>InGame\Bg</Filter>
    </ClCompile>
    <ClCompile Include="InGame\Bg\Pipe.cpp">
      <Filter>InGame\Bg</Filter>
    </ClCompile>
    <ClCompile Include="InGame\Bg\Puddle.cpp">
      <Filter>InGame\Bg</Filter>
    </ClCompile>
    <ClCompile Include="InGame\Bg\Ring.cpp">
      <Filter>InGame\Bg</Filter>
    </ClCompile>
    <ClCompile Include="InGame\Bg\Rock_Big.cpp">
      <Filter>InGame\Bg</Filter>
    </ClCompile>
    <ClCompile Include="InGame\Bg\Shrub.cpp">
      <Filter>InGame\Bg</Filter>
    </ClCompile>
    <ClCompile Include="InGame\Bg\Signboard.cpp">
      <Filter>InGame\Bg</Filter>
    </ClCompile>
    <ClCompile Include="InGame\Bg\Stairs.cpp">
      <Filter>InGame\Bg</Filter>
    </ClCompile>
    <ClCompile Include="InGame\Bg\Tree.cpp">
      <Filter>InGame\Bg</Filter>
    </ClCompile>
    <ClCompile Include="InGame\Bg\Windmill.cpp">
      <Filter>InGame\Bg</Filter>
    </ClCompile>
    <ClCompile Include="InGame\Bg\Wood_Road.cpp">
      <Filter>InGame\Bg</Filter>
    </ClCompile>
    <ClCompile Include="InGame\Bg\WoodenBox.cpp">
      <Filter>InGame\Bg</Filter>
    </ClCompile>
    <ClCompile Include="InGame\Camera\Default.cpp">
      <Filter>InGame\Camera</Filter>
    </ClCompile>
    <ClCompile Include="InGame\Camera\Forward.cpp">
      <Filter>InGame\Camera</Filter>
    </ClCompile>
    <ClCompile Include="InGame\Camera\GameCamera.cpp">
      <Filter>InGame\Camera</Filter>
    </ClCompile>
    <ClCompile Include="InGame\Enemy\Enemy_Green.cpp">
      <Filter>InGame\Enemy</Filter>
    </ClCompile>
    <ClCompile Include="InGame\Enemy\Enemy_Red.cpp">
      <Filter>InGame\Enemy</Filter>
    </ClCompile>
    <ClCompile Include="InGame\Enemy\Enemy_Yellow.cpp">
      <Filter>InGame\Enemy</Filter>
    </ClCompile>
    <ClCompile Include="InGame\Enemy\IEnemy.cpp">
      <Filter>InGame\Enemy</Filter>
    </ClCompile>
    <ClCompile Include="InGame\Enemy\Shell.cpp">
      <Filter>InGame\Enemy</Filter>
    </ClCompile>
    <ClCompile Include="InGame\Gimmick\Block.cpp">
      <Filter>InGame\Gimmick</Filter>
    </ClCompile>
    <ClCompile Include="InGame\Gimmick\Fort.cpp">
      <Filter>InGame\Gimmick</Filter>
    </ClCompile>
    <ClCompile Include="InGame\Gimmick\FortTop.cpp">
      <Filter>InGame\Gimmick</Filter>
    </ClCompile>
    <ClCompile Include="InGame\Gimmick\GroundMove.cpp">
      <Filter>InGame\Gimmick</Filter>
    </ClCompile>
    <ClCompile Include="InGame\Gimmick\Player_Head.cpp">
      <Filter>InGame\Gimmick</Filter>
    </ClCompile>
    <ClCompile Include="InGame\Player\Player.cpp">
      <Filter>InGame\Player</Filter>
    </ClCompile>
    <ClCompile Include="InGame\Game.cpp">
      <Filter>InGame</Filter>
    </ClCompile>
    <ClCompile Include="InGame\IActor.cpp">
      <Filter>InGame</Filter>
    </ClCompile>
    <ClCompile Include="OutGame\Fade.cpp">
      <Filter>OutGame</Filter>
    </ClCompile>
    <ClCompile Include="OutGame\Title.cpp">
      <Filter>OutGame</Filter>
    </ClCompile>
  </ItemGroup>
  <ItemGroup>
    <ClInclude Include="stdafx.h" />
    <ClInclude Include="system\system.h">
      <Filter>system</Filter>
    </ClInclude>
    <ClInclude Include="EffectList.h" />
    <ClInclude Include="SoundList.h" />
    <ClInclude Include="InGame\Bg\Bard.h">
      <Filter>InGame\Bg</Filter>
    </ClInclude>
    <ClInclude Include="InGame\Bg\Fence.h">
      <Filter>InGame\Bg</Filter>
    </ClInclude>
    <ClInclude Include="InGame\Bg\FenceHalf.h">
      <Filter>InGame\Bg</Filter>
    </ClInclude>
    <ClInclude Include="InGame\Bg\Flower.h">
      <Filter>InGame\Bg</Filter>
    </ClInclude>
    <ClInclude Include="InGame\Bg\FlowerBed.h">
      <Filter>InGame\Bg</Filter>
    </ClInclude>
    <ClInclude Include="InGame\Bg\GoalPoint.h">
      <Filter>InGame\Bg</Filter>
    </ClInclude>
    <ClInclude Include="InGame\Bg\Grass.h">
      <Filter>InGame\Bg</Filter>
    </ClInclude>
    <ClInclude Include="InGame\Bg\Ground.h">
      <Filter>InGame\Bg</Filter>
    </ClInclude>
    <ClInclude Include="InGame\Bg\GroundRoad.h">
      <Filter>InGame\Bg</Filter>
    </ClInclude>
    <ClInclude Include="InGame\Bg\HitBox.h">
      <Filter>InGame\Bg</Filter>
    </ClInclude>
    <ClInclude Include="InGame\Bg\IBgActor.h">
      <Filter>InGame\Bg</Filter>
    </ClInclude>
    <ClInclude Include="InGame\Bg\Pebble.h">
      <Filter>InGame\Bg</Filter>
    </ClInclude>
    <ClInclude Include="InGame\Bg\Pipe.h">
      <Filter>InGame\Bg</Filter>
    </ClInclude>
    <ClInclude Include="InGame\Bg\Puddle.h">
      <Filter>InGame\Bg</Filter>
    </ClInclude>
    <ClInclude Include="InGame\Bg\Ring.h">
      <Filter>InGame\Bg</Filter>
    </ClInclude>
    <ClInclude Include="InGame\Bg\Rock_Big.h">
      <Filter>InGame\Bg</Filter>
    </ClInclude>
    <ClInclude Include="InGame\Bg\Shrub.h">
      <Filter>InGame\Bg</Filter>
    </ClInclude>
    <ClInclude Include="InGame\Bg\Signboard.h">
      <Filter>InGame\Bg</Filter>
    </ClInclude>
    <ClInclude Include="InGame\Bg\Stairs.h">
      <Filter>InGame\Bg</Filter>
    </ClInclude>
    <ClInclude Include="InGame\Bg\Tree.h">
      <Filter>InGame\Bg</Filter>
    </ClInclude>
    <ClInclude Include="InGame\Bg\Windmill.h">
      <Filter>InGame\Bg</Filter>
    </ClInclude>
    <ClInclude Include="InGame\Bg\Wood_Road.h">
      <Filter>InGame\Bg</Filter>
    </ClInclude>
    <ClInclude Include="InGame\Bg\WoodenBox.h">
      <Filter>InGame\Bg</Filter>
    </ClInclude>
    <ClInclude Include="InGame\Camera\Default.h">
      <Filter>InGame\Camera</Filter>
    </ClInclude>
    <ClInclude Include="InGame\Camera\Forward.h">
      <Filter>InGame\Camera</Filter>
    </ClInclude>
    <ClInclude Include="InGame\Camera\GameCamera.h">
      <Filter>InGame\Camera</Filter>
    </ClInclude>
    <ClInclude Include="InGame\Enemy\Enemy_Green.h">
      <Filter>InGame\Enemy</Filter>
    </ClInclude>
    <ClInclude Include="InGame\Enemy\Enemy_Red.h">
      <Filter>InGame\Enemy</Filter>
    </ClInclude>
    <ClInclude Include="InGame\Enemy\Enemy_Yellow.h">
      <Filter>InGame\Enemy</Filter>
    </ClInclude>
    <ClInclude Include="InGame\Enemy\IEnemy.h">
      <Filter>InGame\Enemy</Filter>
    </ClInclude>
    <ClInclude Include="InGame\Enemy\Shell.h">
      <Filter>InGame\Enemy</Filter>
    </ClInclude>
    <ClInclude Include="InGame\Gimmick\Block.h">
      <Filter>InGame\Gimmick</Filter>
    </ClInclude>
    <ClInclude Include="InGame\Gimmick\Fort.h">
      <Filter>InGame\Gimmick</Filter>
    </ClInclude>
    <ClInclude Include="InGame\Gimmick\FortTop.h">
      <Filter>InGame\Gimmick</Filter>
    </ClInclude>
    <ClInclude Include="InGame\Gimmick\GroundMove.h">
      <Filter>InGame\Gimmick</Filter>
    </ClInclude>
    <ClInclude Include="InGame\Gimmick\Player_Head.h">
      <Filter>InGame\Gimmick</Filter>
    </ClInclude>
    <ClInclude Include="InGame\Player\Player.h">
      <Filter>InGame\Player</Filter>
    </ClInclude>
    <ClInclude Include="InGame\Game.h">
      <Filter>InGame</Filter>
    </ClInclude>
    <ClInclude Include="InGame\IActor.h">
      <Filter>InGame</Filter>
    </ClInclude>
    <ClInclude Include="OutGame\Fade.h">
      <Filter>OutGame</Filter>
    </ClInclude>
    <ClInclude Include="OutGame\Title.h">
      <Filter>OutGame</Filter>
    </ClInclude>
  </ItemGroup>
</Project>